
Microsoft Visual Studio Solution File, Format Version 12.00
# Visual Studio Version 17
VisualStudioVersion = 17.4.33205.214
MinimumVisualStudioVersion = 10.0.40219.1
Project("{FAE04EC0-301F-11D3-BF4B-00C04F79EFBC}") = "ImposterAPI", "ImposterAPI.csproj", "{5F48BFCD-6E88-4EF9-AA23-4B46373A59E8}"
EndProject
Global
	GlobalSection(SolutionConfigurationPlatforms) = preSolution
		Debug|Any CPU = Debug|Any CPU
		Release|Any CPU = Release|Any CPU
	EndGlobalSection
	GlobalSection(ProjectConfigurationPlatforms) = postSolution
		{5F48BFCD-6E88-4EF9-AA23-4B46373A59E8}.Debug|Any CPU.ActiveCfg = Debug|Any CPU
		{5F48BFCD-6E88-4EF9-AA23-4B46373A59E8}.Debug|Any CPU.Build.0 = Debug|Any CPU
		{5F48BFCD-6E88-4EF9-AA23-4B46373A59E8}.Release|Any CPU.ActiveCfg = Release|Any CPU
		{5F48BFCD-6E88-4EF9-AA23-4B46373A59E8}.Release|Any CPU.Build.0 = Release|Any CPU
	EndGlobalSection
	GlobalSection(SolutionProperties) = preSolution
		HideSolutionNode = FALSE
	EndGlobalSection
	GlobalSection(ExtensibilityGlobals) = postSolution
		SolutionGuid = {C95B1E99-C49C-4F52-8EB3-5238CC24FC53}
	EndGlobalSection
EndGlobal
